
Microsoft Visual Studio Solution File, Format Version 12.00
# Visual Studio Version 17
VisualStudioVersion = 17.9.34622.214
MinimumVisualStudioVersion = 10.0.40219.1
Project("{9A19103F-16F7-4668-BE54-9A1E7A4F7556}") = "EducationPlatform", "EducationPlatform\EducationPlatform.csproj", "{5C8E1F04-8F03-4F43-962B-449630746688}"
EndProject
Project("{9A19103F-16F7-4668-BE54-9A1E7A4F7556}") = "EducationPlatform.Application", "EducationPlatform.Application\EducationPlatform.Application.csproj", "{C842B208-94EA-4C53-A1B3-590C6C258CE9}"
EndProject
Project("{9A19103F-16F7-4668-BE54-9A1E7A4F7556}") = "EducationPlatform.Domain", "EducationPlatform.Domain\EducationPlatform.Domain.csproj", "{5ADA9CAF-BAF6-4DE2-83EC-2D84CFBA5100}"
EndProject
Project("{9A19103F-16F7-4668-BE54-9A1E7A4F7556}") = "EducationPlatform.Infra.Data", "EducationPlatform.Infra.Data\EducationPlatform.Infra.Data.csproj", "{96BDB4F8-6223-4B09-9DA0-A33C14686890}"
EndProject
Project("{9A19103F-16F7-4668-BE54-9A1E7A4F7556}") = "EducationPlatform.Infra.IoC", "EducationPlatform.Infra.IoC\EducationPlatform.Infra.IoC.csproj", "{DC3BB175-96AB-4376-99AD-DF093E8F7C72}"
EndProject
Project("{FAE04EC0-301F-11D3-BF4B-00C04F79EFBC}") = "EducationPlatform.Web", "EducationPlatform.Web\EducationPlatform.Web.csproj", "{9E484A7F-9B7F-485F-9065-9BBDF12ECEAA}"
EndProject
Global
	GlobalSection(SolutionConfigurationPlatforms) = preSolution
		Debug|Any CPU = Debug|Any CPU
		Release|Any CPU = Release|Any CPU
	EndGlobalSection
	GlobalSection(ProjectConfigurationPlatforms) = postSolution
		{5C8E1F04-8F03-4F43-962B-449630746688}.Debug|Any CPU.ActiveCfg = Debug|Any CPU
		{5C8E1F04-8F03-4F43-962B-449630746688}.Debug|Any CPU.Build.0 = Debug|Any CPU
		{5C8E1F04-8F03-4F43-962B-449630746688}.Release|Any CPU.ActiveCfg = Release|Any CPU
		{5C8E1F04-8F03-4F43-962B-449630746688}.Release|Any CPU.Build.0 = Release|Any CPU
		{C842B208-94EA-4C53-A1B3-590C6C258CE9}.Debug|Any CPU.ActiveCfg = Debug|Any CPU
		{C842B208-94EA-4C53-A1B3-590C6C258CE9}.Debug|Any CPU.Build.0 = Debug|Any CPU
		{C842B208-94EA-4C53-A1B3-590C6C258CE9}.Release|Any CPU.ActiveCfg = Release|Any CPU
		{C842B208-94EA-4C53-A1B3-590C6C258CE9}.Release|Any CPU.Build.0 = Release|Any CPU
		{5ADA9CAF-BAF6-4DE2-83EC-2D84CFBA5100}.Debug|Any CPU.ActiveCfg = Debug|Any CPU
		{5ADA9CAF-BAF6-4DE2-83EC-2D84CFBA5100}.Debug|Any CPU.Build.0 = Debug|Any CPU
		{5ADA9CAF-BAF6-4DE2-83EC-2D84CFBA5100}.Release|Any CPU.ActiveCfg = Release|Any CPU
		{5ADA9CAF-BAF6-4DE2-83EC-2D84CFBA5100}.Release|Any CPU.Build.0 = Release|Any CPU
		{96BDB4F8-6223-4B09-9DA0-A33C14686890}.Debug|Any CPU.ActiveCfg = Debug|Any CPU
		{96BDB4F8-6223-4B09-9DA0-A33C14686890}.Debug|Any CPU.Build.0 = Debug|Any CPU
		{96BDB4F8-6223-4B09-9DA0-A33C14686890}.Release|Any CPU.ActiveCfg = Release|Any CPU
		{96BDB4F8-6223-4B09-9DA0-A33C14686890}.Release|Any CPU.Build.0 = Release|Any CPU
		{DC3BB175-96AB-4376-99AD-DF093E8F7C72}.Debug|Any CPU.ActiveCfg = Debug|Any CPU
		{DC3BB175-96AB-4376-99AD-DF093E8F7C72}.Debug|Any CPU.Build.0 = Debug|Any CPU
		{DC3BB175-96AB-4376-99AD-DF093E8F7C72}.Release|Any CPU.ActiveCfg = Release|Any CPU
		{DC3BB175-96AB-4376-99AD-DF093E8F7C72}.Release|Any CPU.Build.0 = Release|Any CPU
		{9E484A7F-9B7F-485F-9065-9BBDF12ECEAA}.Debug|Any CPU.ActiveCfg = Debug|Any CPU
		{9E484A7F-9B7F-485F-9065-9BBDF12ECEAA}.Debug|Any CPU.Build.0 = Debug|Any CPU
		{9E484A7F-9B7F-485F-9065-9BBDF12ECEAA}.Release|Any CPU.ActiveCfg = Release|Any CPU
		{9E484A7F-9B7F-485F-9065-9BBDF12ECEAA}.Release|Any CPU.Build.0 = Release|Any CPU
	EndGlobalSection
	GlobalSection(SolutionProperties) = preSolution
		HideSolutionNode = FALSE
	EndGlobalSection
	GlobalSection(ExtensibilityGlobals) = postSolution
		SolutionGuid = {0EC0FB5E-41D2-450C-AA65-11DD47F3FE23}
	EndGlobalSection
EndGlobal
